<?xml version="1.0" encoding="utf-8"?>
<Project ToolsVersion="4.0" xmlns="http://schemas.microsoft.com/developer/msbuild/2003">
  <ItemGroup>
    <Filter Include="Исходные файлы">
      <UniqueIdentifier>{4FC737F1-C7A5-4376-A066-2A32D752A2FF}</UniqueIdentifier>
      <Extensions>cpp;c;cc;cxx;c++;cppm;ixx;def;odl;idl;hpj;bat;asm;asmx</Extensions>
    </Filter>
    <Filter Include="Файлы заголовков">
      <UniqueIdentifier>{93995380-89BD-4b04-88EB-625FBE52EBFB}</UniqueIdentifier>
      <Extensions>h;hh;hpp;hxx;h++;hm;inl;inc;ipp;xsd</Extensions>
    </Filter>
    <Filter Include="Файлы ресурсов">
      <UniqueIdentifier>{67DA6AB6-F800-4c08-8B7A-83BB121AAD01}</UniqueIdentifier>
      <Extensions>rc;ico;cur;bmp;dlg;rc2;rct;bin;rgs;gif;jpg;jpeg;jpe;resx;tiff;tif;png;wav;mfcribbon-ms</Extensions>
    </Filter>
    <Filter Include="Файлы ресурсов\textures">
      <UniqueIdentifier>{bc01cc3e-57ff-4280-b223-b1dc399def16}</UniqueIdentifier>
    </Filter>
    <Filter Include="Файлы ресурсов\fonts">
      <UniqueIdentifier>{6e4dcaa8-d6f6-45a7-bbc9-c96e76801a72}</UniqueIdentifier>
    </Filter>
    <Filter Include="Файлы ресурсов\textures\background">
      <UniqueIdentifier>{d4f7123b-f327-434a-bcf6-6226f807bfb1}</UniqueIdentifier>
    </Filter>
    <Filter Include="Файлы ресурсов\textures\bird">
      <UniqueIdentifier>{ac05956b-b0ca-46d2-a66b-bf7f7503dcb2}</UniqueIdentifier>
    </Filter>
    <Filter Include="Файлы ресурсов\textures\get_ready">
      <UniqueIdentifier>{9018a77a-2340-4b23-b0a9-faa1494f6e5d}</UniqueIdentifier>
    </Filter>
  </ItemGroup>
  <ItemGroup>
    <Image Include="..\res\textures\get_ready\1.png">
      <Filter>Файлы ресурсов\textures\get_ready</Filter>
    </Image>
    <Image Include="..\res\textures\get_ready\2.png">
      <Filter>Файлы ресурсов\textures\get_ready</Filter>
    </Image>
    <Image Include="..\res\textures\bird\1-1.png">
      <Filter>Файлы ресурсов\textures\bird</Filter>
    </Image>
    <Image Include="..\res\textures\bird\1-2.png">
      <Filter>Файлы ресурсов\textures\bird</Filter>
    </Image>
    <Image Include="..\res\textures\bird\1-3.png">
      <Filter>Файлы ресурсов\textures\bird</Filter>
    </Image>
    <Image Include="..\res\textures\background\day.png">
      <Filter>Файлы ресурсов\textures\background</Filter>
    </Image>
    <Image Include="..\res\textures\gameover.png">
      <Filter>Файлы ресурсов\textures</Filter>
    </Image>
    <Image Include="..\res\textures\ground.png">
      <Filter>Файлы ресурсов\textures</Filter>
    </Image>
    <Image Include="..\res\textures\pipe.png">
      <Filter>Файлы ресурсов\textures</Filter>
    </Image>
  </ItemGroup>
  <ItemGroup>
    <Font Include="..\res\fonts\04B_19__.TTF">
      <Filter>Файлы ресурсов\fonts</Filter>
    </Font>
  </ItemGroup>
  <ItemGroup>
    <ClCompile Include="src\main.cpp">
      <Filter>Исходные файлы</Filter>
    </ClCompile>
    <ClCompile Include="src\Pipe.cpp">
      <Filter>Исходные файлы</Filter>
    </ClCompile>
    <ClCompile Include="src\Bird.cpp">
      <Filter>Исходные файлы</Filter>
    </ClCompile>
    <ClCompile Include="src\Game.cpp">
      <Filter>Исходные файлы</Filter>
    </ClCompile>
  </ItemGroup>
  <ItemGroup>
    <ClInclude Include="src\Game.h">
      <Filter>Файлы заголовков</Filter>
    </ClInclude>
    <ClInclude Include="src\Pipe.h">
      <Filter>Файлы заголовков</Filter>
    </ClInclude>
    <ClInclude Include="src\Bird.h">
      <Filter>Файлы заголовков</Filter>
    </ClInclude>
  </ItemGroup>
</Project>